// !$*UTF8*$!
{
	archiveVersion = 1;
	classes = {
	};
	objectVersion = 48;
	objects = {

/* Begin PBXBuildFile section */
		503B6A2F39AE973DDF7BD893 /* libPods-IOSDemo.a in Frameworks */ = {isa = PBXBuildFile; fileRef = 0F9E0DF779BE6A81D2C371B6 /* libPods-IOSDemo.a */; };
		AB68046B205913E000E84A02 /* KeyboardManagerView.m in Sources */ = {isa = PBXBuildFile; fileRef = AB68046A205913E000E84A02 /* KeyboardManagerView.m */; };
		AB7DB989206382A00028F859 /* WebViewController.m in Sources */ = {isa = PBXBuildFile; fileRef = AB7DB988206382A00028F859 /* WebViewController.m */; };
		ABEA61C8205150CB0070BB59 /* AppDelegate.m in Sources */ = {isa = PBXBuildFile; fileRef = ABEA61C7205150CB0070BB59 /* AppDelegate.m */; };
		ABEA61D0205150CB0070BB59 /* Assets.xcassets in Resources */ = {isa = PBXBuildFile; fileRef = ABEA61CF205150CB0070BB59 /* Assets.xcassets */; };
		ABEA61D3205150CB0070BB59 /* LaunchScreen.storyboard in Resources */ = {isa = PBXBuildFile; fileRef = ABEA61D1205150CB0070BB59 /* LaunchScreen.storyboard */; };
		ABEA61D6205150CB0070BB59 /* main.m in Sources */ = {isa = PBXBuildFile; fileRef = ABEA61D5205150CB0070BB59 /* main.m */; };
		ABEA61E0205150CB0070BB59 /* IOSDemoTests.m in Sources */ = {isa = PBXBuildFile; fileRef = ABEA61DF205150CB0070BB59 /* IOSDemoTests.m */; };
		ABEA61EB205150CB0070BB59 /* IOSDemoUITests.m in Sources */ = {isa = PBXBuildFile; fileRef = ABEA61EA205150CB0070BB59 /* IOSDemoUITests.m */; };
		ABEA623020569C820070BB59 /* UIViewController+Extension.m in Sources */ = {isa = PBXBuildFile; fileRef = ABEA622820569C820070BB59 /* UIViewController+Extension.m */; };
		ABEA623120569C820070BB59 /* AppearanceView.m in Sources */ = {isa = PBXBuildFile; fileRef = ABEA622920569C820070BB59 /* AppearanceView.m */; };
		ABEA623220569C820070BB59 /* UITableView+Appearance.m in Sources */ = {isa = PBXBuildFile; fileRef = ABEA622A20569C820070BB59 /* UITableView+Appearance.m */; };
		ABEA623320569C820070BB59 /* DeviceInfo.m in Sources */ = {isa = PBXBuildFile; fileRef = ABEA622F20569C820070BB59 /* DeviceInfo.m */; };
		ABEA623D20569C880070BB59 /* ListViewController.m in Sources */ = {isa = PBXBuildFile; fileRef = ABEA623520569C880070BB59 /* ListViewController.m */; };
		ABEA623E20569C880070BB59 /* DeviceInfoViewController.m in Sources */ = {isa = PBXBuildFile; fileRef = ABEA623620569C880070BB59 /* DeviceInfoViewController.m */; };
		ABEA623F20569C880070BB59 /* LMHViewController.m in Sources */ = {isa = PBXBuildFile; fileRef = ABEA623720569C880070BB59 /* LMHViewController.m */; };
		ABEA624020569C880070BB59 /* AppearanceViewController.m in Sources */ = {isa = PBXBuildFile; fileRef = ABEA623820569C880070BB59 /* AppearanceViewController.m */; };
		ABEA62432056A66D0070BB59 /* MasonryViewController.m in Sources */ = {isa = PBXBuildFile; fileRef = ABEA62422056A66D0070BB59 /* MasonryViewController.m */; };
		ABEA62462056ABED0070BB59 /* MasonryBasicView.m in Sources */ = {isa = PBXBuildFile; fileRef = ABEA62452056ABED0070BB59 /* MasonryBasicView.m */; };
		ABEA6249205763200070BB59 /* MasonryRemakeView.m in Sources */ = {isa = PBXBuildFile; fileRef = ABEA6248205763200070BB59 /* MasonryRemakeView.m */; };
		ABEA624C205777530070BB59 /* UIApplicationView.m in Sources */ = {isa = PBXBuildFile; fileRef = ABEA624B205777530070BB59 /* UIApplicationView.m */; };
		ABEA624F2057E4CB0070BB59 /* MasonryAspectFitView.m in Sources */ = {isa = PBXBuildFile; fileRef = ABEA624E2057E4CB0070BB59 /* MasonryAspectFitView.m */; };
		ABEA62532057EA760070BB59 /* MasonryDistributeView.m in Sources */ = {isa = PBXBuildFile; fileRef = ABEA62522057EA760070BB59 /* MasonryDistributeView.m */; };
/* End PBXBuildFile section */

/* Begin PBXContainerItemProxy section */
		ABEA61DC205150CB0070BB59 /* PBXContainerItemProxy */ = {
			isa = PBXContainerItemProxy;
			containerPortal = ABEA61BB205150CA0070BB59 /* Project object */;
			proxyType = 1;
			remoteGlobalIDString = ABEA61C2205150CB0070BB59;
			remoteInfo = IOSDemo;
		};
		ABEA61E7205150CB0070BB59 /* PBXContainerItemProxy */ = {
			isa = PBXContainerItemProxy;
			containerPortal = ABEA61BB205150CA0070BB59 /* Project object */;
			proxyType = 1;
			remoteGlobalIDString = ABEA61C2205150CB0070BB59;
			remoteInfo = IOSDemo;
		};
/* End PBXContainerItemProxy section */

/* Begin PBXFileReference section */
		0F9E0DF779BE6A81D2C371B6 /* libPods-IOSDemo.a */ = {isa = PBXFileReference; explicitFileType = archive.ar; includeInIndex = 0; path = "libPods-IOSDemo.a"; sourceTree = BUILT_PRODUCTS_DIR; };
		6BD4AB169EDE0DF356195F64 /* Pods-IOSDemo.debug.xcconfig */ = {isa = PBXFileReference; includeInIndex = 1; lastKnownFileType = text.xcconfig; name = "Pods-IOSDemo.debug.xcconfig"; path = "Pods/Target Support Files/Pods-IOSDemo/Pods-IOSDemo.debug.xcconfig"; sourceTree = "<group>"; };
		71BDF070E1587B84282619EA /* Pods-IOSDemo.release.xcconfig */ = {isa = PBXFileReference; includeInIndex = 1; lastKnownFileType = text.xcconfig; name = "Pods-IOSDemo.release.xcconfig"; path = "Pods/Target Support Files/Pods-IOSDemo/Pods-IOSDemo.release.xcconfig"; sourceTree = "<group>"; };
		AB680469205913E000E84A02 /* KeyboardManagerView.h */ = {isa = PBXFileReference; lastKnownFileType = sourcecode.c.h; path = KeyboardManagerView.h; sourceTree = "<group>"; };
		AB68046A205913E000E84A02 /* KeyboardManagerView.m */ = {isa = PBXFileReference; lastKnownFileType = sourcecode.c.objc; path = KeyboardManagerView.m; sourceTree = "<group>"; };
		AB7DB987206382A00028F859 /* WebViewController.h */ = {isa = PBXFileReference; lastKnownFileType = sourcecode.c.h; path = WebViewController.h; sourceTree = "<group>"; };
		AB7DB988206382A00028F859 /* WebViewController.m */ = {isa = PBXFileReference; lastKnownFileType = sourcecode.c.objc; path = WebViewController.m; sourceTree = "<group>"; };
		ABEA61C3205150CB0070BB59 /* IOSDemo.app */ = {isa = PBXFileReference; explicitFileType = wrapper.application; includeInIndex = 0; path = IOSDemo.app; sourceTree = BUILT_PRODUCTS_DIR; };
		ABEA61C6205150CB0070BB59 /* AppDelegate.h */ = {isa = PBXFileReference; lastKnownFileType = sourcecode.c.h; path = AppDelegate.h; sourceTree = "<group>"; };
		ABEA61C7205150CB0070BB59 /* AppDelegate.m */ = {isa = PBXFileReference; lastKnownFileType = sourcecode.c.objc; path = AppDelegate.m; sourceTree = "<group>"; };
		ABEA61CF205150CB0070BB59 /* Assets.xcassets */ = {isa = PBXFileReference; lastKnownFileType = folder.assetcatalog; path = Assets.xcassets; sourceTree = "<group>"; };
		ABEA61D2205150CB0070BB59 /* Base */ = {isa = PBXFileReference; lastKnownFileType = file.storyboard; name = Base; path = Base.lproj/LaunchScreen.storyboard; sourceTree = "<group>"; };
		ABEA61D4205150CB0070BB59 /* Info.plist */ = {isa = PBXFileReference; lastKnownFileType = text.plist.xml; path = Info.plist; sourceTree = "<group>"; };
		ABEA61D5205150CB0070BB59 /* main.m */ = {isa = PBXFileReference; lastKnownFileType = sourcecode.c.objc; path = main.m; sourceTree = "<group>"; };
		ABEA61DB205150CB0070BB59 /* IOSDemoTests.xctest */ = {isa = PBXFileReference; explicitFileType = wrapper.cfbundle; includeInIndex = 0; path = IOSDemoTests.xctest; sourceTree = BUILT_PRODUCTS_DIR; };
		ABEA61DF205150CB0070BB59 /* IOSDemoTests.m */ = {isa = PBXFileReference; lastKnownFileType = sourcecode.c.objc; path = IOSDemoTests.m; sourceTree = "<group>"; };
		ABEA61E1205150CB0070BB59 /* Info.plist */ = {isa = PBXFileReference; lastKnownFileType = text.plist.xml; path = Info.plist; sourceTree = "<group>"; };
		ABEA61E6205150CB0070BB59 /* IOSDemoUITests.xctest */ = {isa = PBXFileReference; explicitFileType = wrapper.cfbundle; includeInIndex = 0; path = IOSDemoUITests.xctest; sourceTree = BUILT_PRODUCTS_DIR; };
		ABEA61EA205150CB0070BB59 /* IOSDemoUITests.m */ = {isa = PBXFileReference; lastKnownFileType = sourcecode.c.objc; path = IOSDemoUITests.m; sourceTree = "<group>"; };
		ABEA61EC205150CB0070BB59 /* Info.plist */ = {isa = PBXFileReference; lastKnownFileType = text.plist.xml; path = Info.plist; sourceTree = "<group>"; };
		ABEA620420550F400070BB59 /* IOSDemo.entitlements */ = {isa = PBXFileReference; lastKnownFileType = text.plist.entitlements; path = IOSDemo.entitlements; sourceTree = "<group>"; };
		ABEA622720569C820070BB59 /* UITableView+Appearance.h */ = {isa = PBXFileReference; fileEncoding = 4; lastKnownFileType = sourcecode.c.h; path = "UITableView+Appearance.h"; sourceTree = "<group>"; };
		ABEA622820569C820070BB59 /* UIViewController+Extension.m */ = {isa = PBXFileReference; fileEncoding = 4; lastKnownFileType = sourcecode.c.objc; path = "UIViewController+Extension.m"; sourceTree = "<group>"; };
		ABEA622920569C820070BB59 /* AppearanceView.m */ = {isa = PBXFileReference; fileEncoding = 4; lastKnownFileType = sourcecode.c.objc; path = AppearanceView.m; sourceTree = "<group>"; };
		ABEA622A20569C820070BB59 /* UITableView+Appearance.m */ = {isa = PBXFileReference; fileEncoding = 4; lastKnownFileType = sourcecode.c.objc; path = "UITableView+Appearance.m"; sourceTree = "<group>"; };
		ABEA622B20569C820070BB59 /* UIViewController+Extension.h */ = {isa = PBXFileReference; fileEncoding = 4; lastKnownFileType = sourcecode.c.h; path = "UIViewController+Extension.h"; sourceTree = "<group>"; };
		ABEA622C20569C820070BB59 /* AppearanceView.h */ = {isa = PBXFileReference; fileEncoding = 4; lastKnownFileType = sourcecode.c.h; path = AppearanceView.h; sourceTree = "<group>"; };
		ABEA622E20569C820070BB59 /* DeviceInfo.h */ = {isa = PBXFileReference; fileEncoding = 4; lastKnownFileType = sourcecode.c.h; path = DeviceInfo.h; sourceTree = "<group>"; };
		ABEA622F20569C820070BB59 /* DeviceInfo.m */ = {isa = PBXFileReference; fileEncoding = 4; lastKnownFileType = sourcecode.c.objc; path = DeviceInfo.m; sourceTree = "<group>"; };
		ABEA623520569C880070BB59 /* ListViewController.m */ = {isa = PBXFileReference; fileEncoding = 4; lastKnownFileType = sourcecode.c.objc; path = ListViewController.m; sourceTree = "<group>"; };
		ABEA623620569C880070BB59 /* DeviceInfoViewController.m */ = {isa = PBXFileReference; fileEncoding = 4; lastKnownFileType = sourcecode.c.objc; path = DeviceInfoViewController.m; sourceTree = "<group>"; };
		ABEA623720569C880070BB59 /* LMHViewController.m */ = {isa = PBXFileReference; fileEncoding = 4; lastKnownFileType = sourcecode.c.objc; path = LMHViewController.m; sourceTree = "<group>"; };
		ABEA623820569C880070BB59 /* AppearanceViewController.m */ = {isa = PBXFileReference; fileEncoding = 4; lastKnownFileType = sourcecode.c.objc; path = AppearanceViewController.m; sourceTree = "<group>"; };
		ABEA623920569C880070BB59 /* ListViewController.h */ = {isa = PBXFileReference; fileEncoding = 4; lastKnownFileType = sourcecode.c.h; path = ListViewController.h; sourceTree = "<group>"; };
		ABEA623A20569C880070BB59 /* LMHViewController.h */ = {isa = PBXFileReference; fileEncoding = 4; lastKnownFileType = sourcecode.c.h; path = LMHViewController.h; sourceTree = "<group>"; };
		ABEA623B20569C880070BB59 /* DeviceInfoViewController.h */ = {isa = PBXFileReference; fileEncoding = 4; lastKnownFileType = sourcecode.c.h; path = DeviceInfoViewController.h; sourceTree = "<group>"; };
		ABEA623C20569C880070BB59 /* AppearanceViewController.h */ = {isa = PBXFileReference; fileEncoding = 4; lastKnownFileType = sourcecode.c.h; path = AppearanceViewController.h; sourceTree = "<group>"; };
		ABEA62412056A66D0070BB59 /* MasonryViewController.h */ = {isa = PBXFileReference; lastKnownFileType = sourcecode.c.h; path = MasonryViewController.h; sourceTree = "<group>"; };
		ABEA62422056A66D0070BB59 /* MasonryViewController.m */ = {isa = PBXFileReference; lastKnownFileType = sourcecode.c.objc; path = MasonryViewController.m; sourceTree = "<group>"; };
		ABEA62442056ABED0070BB59 /* MasonryBasicView.h */ = {isa = PBXFileReference; lastKnownFileType = sourcecode.c.h; path = MasonryBasicView.h; sourceTree = "<group>"; };
		ABEA62452056ABED0070BB59 /* MasonryBasicView.m */ = {isa = PBXFileReference; lastKnownFileType = sourcecode.c.objc; path = MasonryBasicView.m; sourceTree = "<group>"; };
		ABEA6247205763200070BB59 /* MasonryRemakeView.h */ = {isa = PBXFileReference; lastKnownFileType = sourcecode.c.h; path = MasonryRemakeView.h; sourceTree = "<group>"; };
		ABEA6248205763200070BB59 /* MasonryRemakeView.m */ = {isa = PBXFileReference; lastKnownFileType = sourcecode.c.objc; path = MasonryRemakeView.m; sourceTree = "<group>"; };
		ABEA624A205777530070BB59 /* UIApplicationView.h */ = {isa = PBXFileReference; lastKnownFileType = sourcecode.c.h; path = UIApplicationView.h; sourceTree = "<group>"; };
		ABEA624B205777530070BB59 /* UIApplicationView.m */ = {isa = PBXFileReference; lastKnownFileType = sourcecode.c.objc; path = UIApplicationView.m; sourceTree = "<group>"; };
		ABEA624D2057E4CB0070BB59 /* MasonryAspectFitView.h */ = {isa = PBXFileReference; lastKnownFileType = sourcecode.c.h; path = MasonryAspectFitView.h; sourceTree = "<group>"; };
		ABEA624E2057E4CB0070BB59 /* MasonryAspectFitView.m */ = {isa = PBXFileReference; lastKnownFileType = sourcecode.c.objc; path = MasonryAspectFitView.m; sourceTree = "<group>"; };
		ABEA62512057EA760070BB59 /* MasonryDistributeView.h */ = {isa = PBXFileReference; lastKnownFileType = sourcecode.c.h; path = MasonryDistributeView.h; sourceTree = "<group>"; };
		ABEA62522057EA760070BB59 /* MasonryDistributeView.m */ = {isa = PBXFileReference; lastKnownFileType = sourcecode.c.objc; path = MasonryDistributeView.m; sourceTree = "<group>"; };
/* End PBXFileReference section */

/* Begin PBXFrameworksBuildPhase section */
		ABEA61C0205150CB0070BB59 /* Frameworks */ = {
			isa = PBXFrameworksBuildPhase;
			buildActionMask = 2147483647;
			files = (
				503B6A2F39AE973DDF7BD893 /* libPods-IOSDemo.a in Frameworks */,
			);
			runOnlyForDeploymentPostprocessing = 0;
		};
		ABEA61D8205150CB0070BB59 /* Frameworks */ = {
			isa = PBXFrameworksBuildPhase;
			buildActionMask = 2147483647;
			files = (
			);
			runOnlyForDeploymentPostprocessing = 0;
		};
		ABEA61E3205150CB0070BB59 /* Frameworks */ = {
			isa = PBXFrameworksBuildPhase;
			buildActionMask = 2147483647;
			files = (
			);
			runOnlyForDeploymentPostprocessing = 0;
		};
/* End PBXFrameworksBuildPhase section */

/* Begin PBXGroup section */
		8B8B8D04EDA2EB3C838DE535 /* Frameworks */ = {
			isa = PBXGroup;
			children = (
				0F9E0DF779BE6A81D2C371B6 /* libPods-IOSDemo.a */,
			);
			name = Frameworks;
			sourceTree = "<group>";
		};
		AB680468205913C900E84A02 /* KeyboardManager */ = {
			isa = PBXGroup;
			children = (
				AB680469205913E000E84A02 /* KeyboardManagerView.h */,
				AB68046A205913E000E84A02 /* KeyboardManagerView.m */,
			);
			path = KeyboardManager;
			sourceTree = "<group>";
		};
		ABEA61BA205150CA0070BB59 = {
			isa = PBXGroup;
			children = (
				ABEA61C5205150CB0070BB59 /* IOSDemo */,
				ABEA61DE205150CB0070BB59 /* IOSDemoTests */,
				ABEA61E9205150CB0070BB59 /* IOSDemoUITests */,
				ABEA61C4205150CB0070BB59 /* Products */,
				C538A32EB27C7396033DDA3C /* Pods */,
				8B8B8D04EDA2EB3C838DE535 /* Frameworks */,
			);
			sourceTree = "<group>";
		};
		ABEA61C4205150CB0070BB59 /* Products */ = {
			isa = PBXGroup;
			children = (
				ABEA61C3205150CB0070BB59 /* IOSDemo.app */,
				ABEA61DB205150CB0070BB59 /* IOSDemoTests.xctest */,
				ABEA61E6205150CB0070BB59 /* IOSDemoUITests.xctest */,
			);
			name = Products;
			sourceTree = "<group>";
		};
		ABEA61C5205150CB0070BB59 /* IOSDemo */ = {
			isa = PBXGroup;
			children = (
				ABEA61C6205150CB0070BB59 /* AppDelegate.h */,
				ABEA61C7205150CB0070BB59 /* AppDelegate.m */,
				ABEA623420569C880070BB59 /* Controllers */,
				ABEA622D20569C820070BB59 /* Others */,
				ABEA622620569C820070BB59 /* Views */,
				ABEA61CF205150CB0070BB59 /* Assets.xcassets */,
				ABEA620420550F400070BB59 /* IOSDemo.entitlements */,
				ABEA61D1205150CB0070BB59 /* LaunchScreen.storyboard */,
				ABEA61D4205150CB0070BB59 /* Info.plist */,
				ABEA61D5205150CB0070BB59 /* main.m */,
			);
			path = IOSDemo;
			sourceTree = "<group>";
		};
		ABEA61DE205150CB0070BB59 /* IOSDemoTests */ = {
			isa = PBXGroup;
			children = (
				ABEA61DF205150CB0070BB59 /* IOSDemoTests.m */,
				ABEA61E1205150CB0070BB59 /* Info.plist */,
			);
			path = IOSDemoTests;
			sourceTree = "<group>";
		};
		ABEA61E9205150CB0070BB59 /* IOSDemoUITests */ = {
			isa = PBXGroup;
			children = (
				ABEA61EA205150CB0070BB59 /* IOSDemoUITests.m */,
				ABEA61EC205150CB0070BB59 /* Info.plist */,
			);
			path = IOSDemoUITests;
			sourceTree = "<group>";
		};
		ABEA622620569C820070BB59 /* Views */ = {
			isa = PBXGroup;
			children = (
				AB680468205913C900E84A02 /* KeyboardManager */,
				ABEA62502057EA590070BB59 /* Masonry */,
				ABEA622E20569C820070BB59 /* DeviceInfo.h */,
				ABEA622F20569C820070BB59 /* DeviceInfo.m */,
				ABEA622C20569C820070BB59 /* AppearanceView.h */,
				ABEA622920569C820070BB59 /* AppearanceView.m */,
				ABEA622720569C820070BB59 /* UITableView+Appearance.h */,
				ABEA622A20569C820070BB59 /* UITableView+Appearance.m */,
				ABEA622B20569C820070BB59 /* UIViewController+Extension.h */,
				ABEA622820569C820070BB59 /* UIViewController+Extension.m */,
				ABEA624A205777530070BB59 /* UIApplicationView.h */,
				ABEA624B205777530070BB59 /* UIApplicationView.m */,
			);
			path = Views;
			sourceTree = "<group>";
		};
		ABEA622D20569C820070BB59 /* Others */ = {
			isa = PBXGroup;
			children = (
			);
			path = Others;
			sourceTree = "<group>";
		};
		ABEA623420569C880070BB59 /* Controllers */ = {
			isa = PBXGroup;
			children = (
				ABEA623920569C880070BB59 /* ListViewController.h */,
				ABEA623520569C880070BB59 /* ListViewController.m */,
				ABEA623A20569C880070BB59 /* LMHViewController.h */,
				ABEA623720569C880070BB59 /* LMHViewController.m */,
				ABEA623B20569C880070BB59 /* DeviceInfoViewController.h */,
				ABEA623620569C880070BB59 /* DeviceInfoViewController.m */,
				ABEA623C20569C880070BB59 /* AppearanceViewController.h */,
				ABEA623820569C880070BB59 /* AppearanceViewController.m */,
				ABEA62412056A66D0070BB59 /* MasonryViewController.h */,
				ABEA62422056A66D0070BB59 /* MasonryViewController.m */,
				AB7DB987206382A00028F859 /* WebViewController.h */,
				AB7DB988206382A00028F859 /* WebViewController.m */,
			);
			path = Controllers;
			sourceTree = "<group>";
		};
		ABEA62502057EA590070BB59 /* Masonry */ = {
			isa = PBXGroup;
			children = (
				ABEA62442056ABED0070BB59 /* MasonryBasicView.h */,
				ABEA62452056ABED0070BB59 /* MasonryBasicView.m */,
				ABEA6247205763200070BB59 /* MasonryRemakeView.h */,
				ABEA6248205763200070BB59 /* MasonryRemakeView.m */,
				ABEA624D2057E4CB0070BB59 /* MasonryAspectFitView.h */,
				ABEA624E2057E4CB0070BB59 /* MasonryAspectFitView.m */,
				ABEA62512057EA760070BB59 /* MasonryDistributeView.h */,
				ABEA62522057EA760070BB59 /* MasonryDistributeView.m */,
			);
			path = Masonry;
			sourceTree = "<group>";
		};
		C538A32EB27C7396033DDA3C /* Pods */ = {
			isa = PBXGroup;
			children = (
				6BD4AB169EDE0DF356195F64 /* Pods-IOSDemo.debug.xcconfig */,
				71BDF070E1587B84282619EA /* Pods-IOSDemo.release.xcconfig */,
			);
			name = Pods;
			sourceTree = "<group>";
		};
/* End PBXGroup section */

/* Begin PBXNativeTarget section */
		ABEA61C2205150CB0070BB59 /* IOSDemo */ = {
			isa = PBXNativeTarget;
			buildConfigurationList = ABEA61EF205150CB0070BB59 /* Build configuration list for PBXNativeTarget "IOSDemo" */;
			buildPhases = (
				2484355F604B829468C10331 /* [CP] Check Pods Manifest.lock */,
				ABEA61BF205150CB0070BB59 /* Sources */,
				ABEA61C0205150CB0070BB59 /* Frameworks */,
				ABEA61C1205150CB0070BB59 /* Resources */,
				D595AEE5F067B71CD2151DF7 /* [CP] Embed Pods Frameworks */,
				8464A7D91D3CEBA88B0F4D63 /* [CP] Copy Pods Resources */,
			);
			buildRules = (
			);
			dependencies = (
			);
			name = IOSDemo;
			productName = IOSDemo;
			productReference = ABEA61C3205150CB0070BB59 /* IOSDemo.app */;
			productType = "com.apple.product-type.application";
		};
		ABEA61DA205150CB0070BB59 /* IOSDemoTests */ = {
			isa = PBXNativeTarget;
			buildConfigurationList = ABEA61F2205150CB0070BB59 /* Build configuration list for PBXNativeTarget "IOSDemoTests" */;
			buildPhases = (
				ABEA61D7205150CB0070BB59 /* Sources */,
				ABEA61D8205150CB0070BB59 /* Frameworks */,
				ABEA61D9205150CB0070BB59 /* Resources */,
			);
			buildRules = (
			);
			dependencies = (
				ABEA61DD205150CB0070BB59 /* PBXTargetDependency */,
			);
			name = IOSDemoTests;
			productName = IOSDemoTests;
			productReference = ABEA61DB205150CB0070BB59 /* IOSDemoTests.xctest */;
			productType = "com.apple.product-type.bundle.unit-test";
		};
		ABEA61E5205150CB0070BB59 /* IOSDemoUITests */ = {
			isa = PBXNativeTarget;
			buildConfigurationList = ABEA61F5205150CB0070BB59 /* Build configuration list for PBXNativeTarget "IOSDemoUITests" */;
			buildPhases = (
				ABEA61E2205150CB0070BB59 /* Sources */,
				ABEA61E3205150CB0070BB59 /* Frameworks */,
				ABEA61E4205150CB0070BB59 /* Resources */,
			);
			buildRules = (
			);
			dependencies = (
				ABEA61E8205150CB0070BB59 /* PBXTargetDependency */,
			);
			name = IOSDemoUITests;
			productName = IOSDemoUITests;
			productReference = ABEA61E6205150CB0070BB59 /* IOSDemoUITests.xctest */;
			productType = "com.apple.product-type.bundle.ui-testing";
		};
/* End PBXNativeTarget section */

/* Begin PBXProject section */
		ABEA61BB205150CA0070BB59 /* Project object */ = {
			isa = PBXProject;
			attributes = {
				LastUpgradeCheck = 0920;
				ORGANIZATIONNAME = lmh;
				TargetAttributes = {
					ABEA61C2205150CB0070BB59 = {
						CreatedOnToolsVersion = 9.2;
						ProvisioningStyle = Automatic;
						SystemCapabilities = {
							com.apple.Keychain = {
								enabled = 0;
							};
						};
					};
					ABEA61DA205150CB0070BB59 = {
						CreatedOnToolsVersion = 9.2;
						ProvisioningStyle = Automatic;
						TestTargetID = ABEA61C2205150CB0070BB59;
					};
					ABEA61E5205150CB0070BB59 = {
						CreatedOnToolsVersion = 9.2;
						ProvisioningStyle = Automatic;
						TestTargetID = ABEA61C2205150CB0070BB59;
					};
				};
			};
			buildConfigurationList = ABEA61BE205150CA0070BB59 /* Build configuration list for PBXProject "IOSDemo" */;
			compatibilityVersion = "Xcode 8.0";
			developmentRegion = en;
			hasScannedForEncodings = 0;
			knownRegions = (
				en,
				Base,
			);
			mainGroup = ABEA61BA205150CA0070BB59;
			productRefGroup = ABEA61C4205150CB0070BB59 /* Products */;
			projectDirPath = "";
			projectRoot = "";
			targets = (
				ABEA61C2205150CB0070BB59 /* IOSDemo */,
				ABEA61DA205150CB0070BB59 /* IOSDemoTests */,
				ABEA61E5205150CB0070BB59 /* IOSDemoUITests */,
			);
		};
/* End PBXProject section */

/* Begin PBXResourcesBuildPhase section */
		ABEA61C1205150CB0070BB59 /* Resources */ = {
			isa = PBXResourcesBuildPhase;
			buildActionMask = 2147483647;
			files = (
				ABEA61D3205150CB0070BB59 /* LaunchScreen.storyboard in Resources */,
				ABEA61D0205150CB0070BB59 /* Assets.xcassets in Resources */,
			);
			runOnlyForDeploymentPostprocessing = 0;
		};
		ABEA61D9205150CB0070BB59 /* Resources */ = {
			isa = PBXResourcesBuildPhase;
			buildActionMask = 2147483647;
			files = (
			);
			runOnlyForDeploymentPostprocessing = 0;
		};
		ABEA61E4205150CB0070BB59 /* Resources */ = {
			isa = PBXResourcesBuildPhase;
			buildActionMask = 2147483647;
			files = (
			);
			runOnlyForDeploymentPostprocessing = 0;
		};
/* End PBXResourcesBuildPhase section */

/* Begin PBXShellScriptBuildPhase section */
		2484355F604B829468C10331 /* [CP] Check Pods Manifest.lock */ = {
			isa = PBXShellScriptBuildPhase;
			buildActionMask = 2147483647;
			files = (
			);
			inputPaths = (
				"${PODS_PODFILE_DIR_PATH}/Podfile.lock",
				"${PODS_ROOT}/Manifest.lock",
			);
			name = "[CP] Check Pods Manifest.lock";
			outputPaths = (
				"$(DERIVED_FILE_DIR)/Pods-IOSDemo-checkManifestLockResult.txt",
			);
			runOnlyForDeploymentPostprocessing = 0;
			shellPath = /bin/sh;
			shellScript = "diff \"${PODS_PODFILE_DIR_PATH}/Podfile.lock\" \"${PODS_ROOT}/Manifest.lock\" > /dev/null\nif [ $? != 0 ] ; then\n    # print error to STDERR\n    echo \"error: The sandbox is not in sync with the Podfile.lock. Run 'pod install' or update your CocoaPods installation.\" >&2\n    exit 1\nfi\n# This output is used by Xcode 'outputs' to avoid re-running this script phase.\necho \"SUCCESS\" > \"${SCRIPT_OUTPUT_FILE_0}\"\n";
			showEnvVarsInLog = 0;
		};
		8464A7D91D3CEBA88B0F4D63 /* [CP] Copy Pods Resources */ = {
			isa = PBXShellScriptBuildPhase;
			buildActionMask = 2147483647;
			files = (
			);
			inputPaths = (
				"${SRCROOT}/Pods/Target Support Files/Pods-IOSDemo/Pods-IOSDemo-resources.sh",
				"${PODS_ROOT}/IQKeyboardManager/IQKeyboardManager/Resources/IQKeyboardManager.bundle",
			);
			name = "[CP] Copy Pods Resources";
			outputPaths = (
				"${TARGET_BUILD_DIR}/${UNLOCALIZED_RESOURCES_FOLDER_PATH}/IQKeyboardManager.bundle",
			);
			runOnlyForDeploymentPostprocessing = 0;
			shellPath = /bin/sh;
			shellScript = "\"${SRCROOT}/Pods/Target Support Files/Pods-IOSDemo/Pods-IOSDemo-resources.sh\"\n";
			showEnvVarsInLog = 0;
		};
		D595AEE5F067B71CD2151DF7 /* [CP] Embed Pods Frameworks */ = {
			isa = PBXShellScriptBuildPhase;
			buildActionMask = 2147483647;
			files = (
			);
			inputPaths = (
			);
			name = "[CP] Embed Pods Frameworks";
			outputPaths = (
			);
			runOnlyForDeploymentPostprocessing = 0;
			shellPath = /bin/sh;
			shellScript = "\"${SRCROOT}/Pods/Target Support Files/Pods-IOSDemo/Pods-IOSDemo-frameworks.sh\"\n";
			showEnvVarsInLog = 0;
		};
/* End PBXShellScriptBuildPhase section */

/* Begin PBXSourcesBuildPhase section */
		ABEA61BF205150CB0070BB59 /* Sources */ = {
			isa = PBXSourcesBuildPhase;
			buildActionMask = 2147483647;
			files = (
				ABEA62432056A66D0070BB59 /* MasonryViewController.m in Sources */,
				ABEA62462056ABED0070BB59 /* MasonryBasicView.m in Sources */,
				AB68046B205913E000E84A02 /* KeyboardManagerView.m in Sources */,
				ABEA623E20569C880070BB59 /* DeviceInfoViewController.m in Sources */,
				ABEA623020569C820070BB59 /* UIViewController+Extension.m in Sources */,
				ABEA6249205763200070BB59 /* MasonryRemakeView.m in Sources */,
				ABEA62532057EA760070BB59 /* MasonryDistributeView.m in Sources */,
				ABEA623F20569C880070BB59 /* LMHViewController.m in Sources */,
				ABEA623220569C820070BB59 /* UITableView+Appearance.m in Sources */,
				ABEA624F2057E4CB0070BB59 /* MasonryAspectFitView.m in Sources */,
				ABEA624C205777530070BB59 /* UIApplicationView.m in Sources */,
				ABEA624020569C880070BB59 /* AppearanceViewController.m in Sources */,
				ABEA623D20569C880070BB59 /* ListViewController.m in Sources */,
				AB7DB989206382A00028F859 /* WebViewController.m in Sources */,
				ABEA61D6205150CB0070BB59 /* main.m in Sources */,
				ABEA623320569C820070BB59 /* DeviceInfo.m in Sources */,
				ABEA623120569C820070BB59 /* AppearanceView.m in Sources */,
				ABEA61C8205150CB0070BB59 /* AppDelegate.m in Sources */,
			);
			runOnlyForDeploymentPostprocessing = 0;
		};
		ABEA61D7205150CB0070BB59 /* Sources */ = {
			isa = PBXSourcesBuildPhase;
			buildActionMask = 2147483647;
			files = (
				ABEA61E0205150CB0070BB59 /* IOSDemoTests.m in Sources */,
			);
			runOnlyForDeploymentPostprocessing = 0;
		};
		ABEA61E2205150CB0070BB59 /* Sources */ = {
			isa = PBXSourcesBuildPhase;
			buildActionMask = 2147483647;
			files = (
				ABEA61EB205150CB0070BB59 /* IOSDemoUITests.m in Sources */,
			);
			runOnlyForDeploymentPostprocessing = 0;
		};
/* End PBXSourcesBuildPhase section */

/* Begin PBXTargetDependency section */
		ABEA61DD205150CB0070BB59 /* PBXTargetDependency */ = {
			isa = PBXTargetDependency;
			target = ABEA61C2205150CB0070BB59 /* IOSDemo */;
			targetProxy = ABEA61DC205150CB0070BB59 /* PBXContainerItemProxy */;
		};
		ABEA61E8205150CB0070BB59 /* PBXTargetDependency */ = {
			isa = PBXTargetDependency;
			target = ABEA61C2205150CB0070BB59 /* IOSDemo */;
			targetProxy = ABEA61E7205150CB0070BB59 /* PBXContainerItemProxy */;
		};
/* End PBXTargetDependency section */

/* Begin PBXVariantGroup section */
		ABEA61D1205150CB0070BB59 /* LaunchScreen.storyboard */ = {
			isa = PBXVariantGroup;
			children = (
				ABEA61D2205150CB0070BB59 /* Base */,
			);
			name = LaunchScreen.storyboard;
			sourceTree = "<group>";
		};
/* End PBXVariantGroup section */

/* Begin XCBuildConfiguration section */
		ABEA61ED205150CB0070BB59 /* Debug */ = {
			isa = XCBuildConfiguration;
			buildSettings = {
				ALWAYS_SEARCH_USER_PATHS = NO;
				CLANG_ANALYZER_NONNULL = YES;
				CLANG_ANALYZER_NUMBER_OBJECT_CONVERSION = YES_AGGRESSIVE;
				CLANG_CXX_LANGUAGE_STANDARD = "gnu++14";
				CLANG_CXX_LIBRARY = "libc++";
				CLANG_ENABLE_MODULES = YES;
				CLANG_ENABLE_OBJC_ARC = YES;
				CLANG_WARN_BLOCK_CAPTURE_AUTORELEASING = YES;
				CLANG_WARN_BOOL_CONVERSION = YES;
				CLANG_WARN_COMMA = YES;
				CLANG_WARN_CONSTANT_CONVERSION = YES;
				CLANG_WARN_DIRECT_OBJC_ISA_USAGE = YES_ERROR;
				CLANG_WARN_DOCUMENTATION_COMMENTS = YES;
				CLANG_WARN_EMPTY_BODY = YES;
				CLANG_WARN_ENUM_CONVERSION = YES;
				CLANG_WARN_INFINITE_RECURSION = YES;
				CLANG_WARN_INT_CONVERSION = YES;
				CLANG_WARN_NON_LITERAL_NULL_CONVERSION = YES;
				CLANG_WARN_OBJC_LITERAL_CONVERSION = YES;
				CLANG_WARN_OBJC_ROOT_CLASS = YES_ERROR;
				CLANG_WARN_RANGE_LOOP_ANALYSIS = YES;
				CLANG_WARN_STRICT_PROTOTYPES = YES;
				CLANG_WARN_SUSPICIOUS_MOVE = YES;
				CLANG_WARN_UNGUARDED_AVAILABILITY = YES_AGGRESSIVE;
				CLANG_WARN_UNREACHABLE_CODE = YES;
				CLANG_WARN__DUPLICATE_METHOD_MATCH = YES;
				CODE_SIGN_IDENTITY = "iPhone Developer";
				COPY_PHASE_STRIP = NO;
				DEBUG_INFORMATION_FORMAT = dwarf;
				ENABLE_STRICT_OBJC_MSGSEND = YES;
				ENABLE_TESTABILITY = YES;
				GCC_C_LANGUAGE_STANDARD = gnu11;
				GCC_DYNAMIC_NO_PIC = NO;
				GCC_NO_COMMON_BLOCKS = YES;
				GCC_OPTIMIZATION_LEVEL = 0;
				GCC_PREPROCESSOR_DEFINITIONS = (
					"DEBUG=1",
					"$(inherited)",
				);
				GCC_WARN_64_TO_32_BIT_CONVERSION = YES;
				GCC_WARN_ABOUT_RETURN_TYPE = YES_ERROR;
				GCC_WARN_UNDECLARED_SELECTOR = YES;
				GCC_WARN_UNINITIALIZED_AUTOS = YES_AGGRESSIVE;
				GCC_WARN_UNUSED_FUNCTION = YES;
				GCC_WARN_UNUSED_VARIABLE = YES;
				IPHONEOS_DEPLOYMENT_TARGET = 11.2;
				MTL_ENABLE_DEBUG_INFO = YES;
				ONLY_ACTIVE_ARCH = YES;
				SDKROOT = iphoneos;
			};
			name = Debug;
		};
		ABEA61EE205150CB0070BB59 /* Release */ = {
			isa = XCBuildConfiguration;
			buildSettings = {
				ALWAYS_SEARCH_USER_PATHS = NO;
				CLANG_ANALYZER_NONNULL = YES;
				CLANG_ANALYZER_NUMBER_OBJECT_CONVERSION = YES_AGGRESSIVE;
				CLANG_CXX_LANGUAGE_STANDARD = "gnu++14";
				CLANG_CXX_LIBRARY = "libc++";
				CLANG_ENABLE_MODULES = YES;
				CLANG_ENABLE_OBJC_ARC = YES;
				CLANG_WARN_BLOCK_CAPTURE_AUTORELEASING = YES;
				CLANG_WARN_BOOL_CONVERSION = YES;
				CLANG_WARN_COMMA = YES;
				CLANG_WARN_CONSTANT_CONVERSION = YES;
				CLANG_WARN_DIRECT_OBJC_ISA_USAGE = YES_ERROR;
				CLANG_WARN_DOCUMENTATION_COMMENTS = YES;
				CLANG_WARN_EMPTY_BODY = YES;
				CLANG_WARN_ENUM_CONVERSION = YES;
				CLANG_WARN_INFINITE_RECURSION = YES;
				CLANG_WARN_INT_CONVERSION = YES;
				CLANG_WARN_NON_LITERAL_NULL_CONVERSION = YES;
				CLANG_WARN_OBJC_LITERAL_CONVERSION = YES;
				CLANG_WARN_OBJC_ROOT_CLASS = YES_ERROR;
				CLANG_WARN_RANGE_LOOP_ANALYSIS = YES;
				CLANG_WARN_STRICT_PROTOTYPES = YES;
				CLANG_WARN_SUSPICIOUS_MOVE = YES;
				CLANG_WARN_UNGUARDED_AVAILABILITY = YES_AGGRESSIVE;
				CLANG_WARN_UNREACHABLE_CODE = YES;
				CLANG_WARN__DUPLICATE_METHOD_MATCH = YES;
				CODE_SIGN_IDENTITY = "iPhone Developer";
				COPY_PHASE_STRIP = NO;
				DEBUG_INFORMATION_FORMAT = "dwarf-with-dsym";
				ENABLE_NS_ASSERTIONS = NO;
				ENABLE_STRICT_OBJC_MSGSEND = YES;
				GCC_C_LANGUAGE_STANDARD = gnu11;
				GCC_NO_COMMON_BLOCKS = YES;
				GCC_WARN_64_TO_32_BIT_CONVERSION = YES;
				GCC_WARN_ABOUT_RETURN_TYPE = YES_ERROR;
				GCC_WARN_UNDECLARED_SELECTOR = YES;
				GCC_WARN_UNINITIALIZED_AUTOS = YES_AGGRESSIVE;
				GCC_WARN_UNUSED_FUNCTION = YES;
				GCC_WARN_UNUSED_VARIABLE = YES;
				IPHONEOS_DEPLOYMENT_TARGET = 11.2;
				MTL_ENABLE_DEBUG_INFO = NO;
				SDKROOT = iphoneos;
				VALIDATE_PRODUCT = YES;
			};
			name = Release;
		};
		ABEA61F0205150CB0070BB59 /* Debug */ = {
			isa = XCBuildConfiguration;
			baseConfigurationReference = 6BD4AB169EDE0DF356195F64 /* Pods-IOSDemo.debug.xcconfig */;
			buildSettings = {
				ASSETCATALOG_COMPILER_APPICON_NAME = AppIcon;
				CODE_SIGN_STYLE = Automatic;
				DEVELOPMENT_TEAM = DGVM3K7F78;
				INFOPLIST_FILE = IOSDemo/Info.plist;
				LD_RUNPATH_SEARCH_PATHS = "$(inherited) @executable_path/Frameworks";
				PRODUCT_BUNDLE_IDENTIFIER = com.minya.IOSDemo;
				PRODUCT_NAME = "$(TARGET_NAME)";
				TARGETED_DEVICE_FAMILY = "1,2";
			};
			name = Debug;
		};
		ABEA61F1205150CB0070BB59 /* Release */ = {
			isa = XCBuildConfiguration;
			baseConfigurationReference = 71BDF070E1587B84282619EA /* Pods-IOSDemo.release.xcconfig */;
			buildSettings = {
				ASSETCATALOG_COMPILER_APPICON_NAME = AppIcon;
				CODE_SIGN_STYLE = Automatic;
				DEVELOPMENT_TEAM = DGVM3K7F78;
				INFOPLIST_FILE = IOSDemo/Info.plist;
				LD_RUNPATH_SEARCH_PATHS = "$(inherited) @executable_path/Frameworks";
				PRODUCT_BUNDLE_IDENTIFIER = com.minya.IOSDemo;
				PRODUCT_NAME = "$(TARGET_NAME)";
				TARGETED_DEVICE_FAMILY = "1,2";
			};
			name = Release;
		};
		ABEA61F3205150CB0070BB59 /* Debug */ = {
			isa = XCBuildConfiguration;
			buildSettings = {
				BUNDLE_LOADER = "$(TEST_HOST)";
				CODE_SIGN_STYLE = Automatic;
				DEVELOPMENT_TEAM = DGVM3K7F78;
				INFOPLIST_FILE = IOSDemoTests/Info.plist;
				LD_RUNPATH_SEARCH_PATHS = "$(inherited) @executable_path/Frameworks @loader_path/Frameworks";
				PRODUCT_BUNDLE_IDENTIFIER = "--com.minya.IOSDemoTests";
				PRODUCT_NAME = "$(TARGET_NAME)";
				TARGETED_DEVICE_FAMILY = "1,2";
				TEST_HOST = "$(BUILT_PRODUCTS_DIR)/IOSDemo.app/IOSDemo";
			};
			name = Debug;
		};
		ABEA61F4205150CB0070BB59 /* Release */ = {
			isa = XCBuildConfiguration;
			buildSettings = {
				BUNDLE_LOADER = "$(TEST_HOST)";
				CODE_SIGN_STYLE = Automatic;
				DEVELOPMENT_TEAM = DGVM3K7F78;
				INFOPLIST_FILE = IOSDemoTests/Info.plist;
				LD_RUNPATH_SEARCH_PATHS = "$(inherited) @executable_path/Frameworks @loader_path/Frameworks";
				PRODUCT_BUNDLE_IDENTIFIER = "--com.minya.IOSDemoTests";
				PRODUCT_NAME = "$(TARGET_NAME)";
				TARGETED_DEVICE_FAMILY = "1,2";
				TEST_HOST = "$(BUILT_PRODUCTS_DIR)/IOSDemo.app/IOSDemo";
			};
			name = Release;
		};
		ABEA61F6205150CB0070BB59 /* Debug */ = {
			isa = XCBuildConfiguration;
			buildSettings = {
				CODE_SIGN_STYLE = Automatic;
				DEVELOPMENT_TEAM = DGVM3K7F78;
				INFOPLIST_FILE = IOSDemoUITests/Info.plist;
				LD_RUNPATH_SEARCH_PATHS = "$(inherited) @executable_path/Frameworks @loader_path/Frameworks";
				PRODUCT_BUNDLE_IDENTIFIER = "--com.minya.IOSDemoUITests";
				PRODUCT_NAME = "$(TARGET_NAME)";
				TARGETED_DEVICE_FAMILY = "1,2";
				TEST_TARGET_NAME = IOSDemo;
			};
			name = Debug;
		};
		ABEA61F7205150CB0070BB59 /* Release */ = {
			isa = XCBuildConfiguration;
			buildSettings = {
				CODE_SIGN_STYLE = Automatic;
				DEVELOPMENT_TEAM = DGVM3K7F78;
				INFOPLIST_FILE = IOSDemoUITests/Info.plist;
				LD_RUNPATH_SEARCH_PATHS = "$(inherited) @executable_path/Frameworks @loader_path/Frameworks";
				PRODUCT_BUNDLE_IDENTIFIER = "--com.minya.IOSDemoUITests";
				PRODUCT_NAME = "$(TARGET_NAME)";
				TARGETED_DEVICE_FAMILY = "1,2";
				TEST_TARGET_NAME = IOSDemo;
			};
			name = Release;
		};
/* End XCBuildConfiguration section */

/* Begin XCConfigurationList section */
		ABEA61BE205150CA0070BB59 /* Build configuration list for PBXProject "IOSDemo" */ = {
			isa = XCConfigurationList;
			buildConfigurations = (
				ABEA61ED205150CB0070BB59 /* Debug */,
				ABEA61EE205150CB0070BB59 /* Release */,
			);
			defaultConfigurationIsVisible = 0;
			defaultConfigurationName = Release;
		};
		ABEA61EF205150CB0070BB59 /* Build configuration list for PBXNativeTarget "IOSDemo" */ = {
			isa = XCConfigurationList;
			buildConfigurations = (
				ABEA61F0205150CB0070BB59 /* Debug */,
				ABEA61F1205150CB0070BB59 /* Release */,
			);
			defaultConfigurationIsVisible = 0;
			defaultConfigurationName = Release;
		};
		ABEA61F2205150CB0070BB59 /* Build configuration list for PBXNativeTarget "IOSDemoTests" */ = {
			isa = XCConfigurationList;
			buildConfigurations = (
				ABEA61F3205150CB0070BB59 /* Debug */,
				ABEA61F4205150CB0070BB59 /* Release */,
			);
			defaultConfigurationIsVisible = 0;
			defaultConfigurationName = Release;
		};
		ABEA61F5205150CB0070BB59 /* Build configuration list for PBXNativeTarget "IOSDemoUITests" */ = {
			isa = XCConfigurationList;
			buildConfigurations = (
				ABEA61F6205150CB0070BB59 /* Debug */,
				ABEA61F7205150CB0070BB59 /* Release */,
			);
			defaultConfigurationIsVisible = 0;
			defaultConfigurationName = Release;
		};
/* End XCConfigurationList section */
	};
	rootObject = ABEA61BB205150CA0070BB59 /* Project object */;
}
